
Microsoft Visual Studio Solution File, Format Version 12.00
# Visual Studio Version 16
VisualStudioVersion = 16.0.30804.86
MinimumVisualStudioVersion = 10.0.40219.1
Project("{FAE04EC0-301F-11D3-BF4B-00C04F79EFBC}") = "MixSchoolManagement.Web", "MixSchoolManagement.Web\MixSchoolManagement.Web.csproj", "{F0A4DCF2-FED9-4E8E-803B-9FE4ABF82180}"
EndProject
Project("{FAE04EC0-301F-11D3-BF4B-00C04F79EFBC}") = "MixSchoolManagement.EntityFrameworkCore", "MixSchoolManagement.EntityFrameworkCore\MixSchoolManagement.EntityFrameworkCore.csproj", "{5F6B5C6B-9D58-4F10-93E6-98C27186C28E}"
EndProject
Project("{FAE04EC0-301F-11D3-BF4B-00C04F79EFBC}") = "MixSchoolManagement.Core", "MixSchoolManagement.Core\MixSchoolManagement.Core.csproj", "{58486D54-7425-4C85-888B-9E6978E04E7B}"
EndProject
Global
	GlobalSection(SolutionConfigurationPlatforms) = preSolution
		Debug|Any CPU = Debug|Any CPU
		Release|Any CPU = Release|Any CPU
	EndGlobalSection
	GlobalSection(ProjectConfigurationPlatforms) = postSolution
		{F0A4DCF2-FED9-4E8E-803B-9FE4ABF82180}.Debug|Any CPU.ActiveCfg = Debug|Any CPU
		{F0A4DCF2-FED9-4E8E-803B-9FE4ABF82180}.Debug|Any CPU.Build.0 = Debug|Any CPU
		{F0A4DCF2-FED9-4E8E-803B-9FE4ABF82180}.Release|Any CPU.ActiveCfg = Release|Any CPU
		{F0A4DCF2-FED9-4E8E-803B-9FE4ABF82180}.Release|Any CPU.Build.0 = Release|Any CPU
		{5F6B5C6B-9D58-4F10-93E6-98C27186C28E}.Debug|Any CPU.ActiveCfg = Debug|Any CPU
		{5F6B5C6B-9D58-4F10-93E6-98C27186C28E}.Debug|Any CPU.Build.0 = Debug|Any CPU
		{5F6B5C6B-9D58-4F10-93E6-98C27186C28E}.Release|Any CPU.ActiveCfg = Release|Any CPU
		{5F6B5C6B-9D58-4F10-93E6-98C27186C28E}.Release|Any CPU.Build.0 = Release|Any CPU
		{58486D54-7425-4C85-888B-9E6978E04E7B}.Debug|Any CPU.ActiveCfg = Debug|Any CPU
		{58486D54-7425-4C85-888B-9E6978E04E7B}.Debug|Any CPU.Build.0 = Debug|Any CPU
		{58486D54-7425-4C85-888B-9E6978E04E7B}.Release|Any CPU.ActiveCfg = Release|Any CPU
		{58486D54-7425-4C85-888B-9E6978E04E7B}.Release|Any CPU.Build.0 = Release|Any CPU
	EndGlobalSection
	GlobalSection(SolutionProperties) = preSolution
		HideSolutionNode = FALSE
	EndGlobalSection
	GlobalSection(ExtensibilityGlobals) = postSolution
		SolutionGuid = {43DC7C8E-9719-40CB-A220-C4CB86CA62E4}
	EndGlobalSection
EndGlobal
